
Microsoft Visual Studio Solution File, Format Version 12.00
# Visual Studio Version 16
VisualStudioVersion = 16.0.30011.22
MinimumVisualStudioVersion = 10.0.40219.1
Project("{FAE04EC0-301F-11D3-BF4B-00C04F79EFBC}") = "Chuong4_b1", "Chuong4_b1.csproj", "{C7BC6102-4E45-402A-A6A7-536CB7D5284E}"
EndProject
Global
	GlobalSection(SolutionConfigurationPlatforms) = preSolution
		Debug|Any CPU = Debug|Any CPU
		Release|Any CPU = Release|Any CPU
	EndGlobalSection
	GlobalSection(ProjectConfigurationPlatforms) = postSolution
		{C7BC6102-4E45-402A-A6A7-536CB7D5284E}.Debug|Any CPU.ActiveCfg = Debug|Any CPU
		{C7BC6102-4E45-402A-A6A7-536CB7D5284E}.Debug|Any CPU.Build.0 = Debug|Any CPU
		{C7BC6102-4E45-402A-A6A7-536CB7D5284E}.Release|Any CPU.ActiveCfg = Release|Any CPU
		{C7BC6102-4E45-402A-A6A7-536CB7D5284E}.Release|Any CPU.Build.0 = Release|Any CPU
	EndGlobalSection
	GlobalSection(SolutionProperties) = preSolution
		HideSolutionNode = FALSE
	EndGlobalSection
	GlobalSection(ExtensibilityGlobals) = postSolution
		SolutionGuid = {A2F6FAE2-08EE-435E-BB34-5646AF60A731}
	EndGlobalSection
EndGlobal
